
Microsoft Visual Studio Solution File, Format Version 12.00
# Visual Studio Version 16
VisualStudioVersion = 16.0.30717.126
MinimumVisualStudioVersion = 10.0.40219.1
Project("{778DAE3C-4631-46EA-AA77-85C1314464D9}") = "VariableSum", "VariableSum\VariableSum.vbproj", "{75B02E53-CA14-4CF7-B0BA-89FBE9AFB7D7}"
EndProject
Project("{2150E333-8FDC-42A3-9474-1A3956D46DE8}") = "csharp class projects", "csharp class projects", "{6BAF4E98-A9EB-4EAF-A86E-ACDBF5E9DAC5}"
EndProject
Project("{9A19103F-16F7-4668-BE54-9A1E7A4F7556}") = "ExtensionsLibrary", "ExtensionsLibrary\ExtensionsLibrary.csproj", "{203D8B83-FCD1-4573-A2B0-77E1A7F053E1}"
EndProject
Project("{2150E333-8FDC-42A3-9474-1A3956D46DE8}") = "visual basic", "visual basic", "{EAD7EE62-2E71-4E6F-B930-08178B4B7E2E}"
EndProject
Project("{778DAE3C-4631-46EA-AA77-85C1314464D9}") = "BurgerBuilder", "BurgerBuilder\BurgerBuilder.vbproj", "{D9FE0478-CD35-4E70-9BEA-EEE5A9DE6EC3}"
EndProject
Project("{778DAE3C-4631-46EA-AA77-85C1314464D9}") = "ComboBoxInotifiy", "ComboBoxInotifiy\ComboBoxInotifiy.vbproj", "{DC8EE7CF-6F17-4D40-9C70-4902819E14C2}"
EndProject
Project("{2150E333-8FDC-42A3-9474-1A3956D46DE8}") = "csharp frontend", "csharp frontend", "{2CBB60B9-2916-4D4F-AEFF-537218423BDB}"
EndProject
Project("{9A19103F-16F7-4668-BE54-9A1E7A4F7556}") = "MoveToNextControl", "MoveToNextControl\MoveToNextControl.csproj", "{2423BC2F-1870-4CE0-AAF0-F1897381E113}"
EndProject
Project("{9A19103F-16F7-4668-BE54-9A1E7A4F7556}") = "UtilityLibrary", "UtilityLibrary\UtilityLibrary.csproj", "{0E73CCBE-8778-4204-A042-693E75C36C24}"
EndProject
Project("{9A19103F-16F7-4668-BE54-9A1E7A4F7556}") = "UtilityLibraryConsole", "UtilityLibraryConsole\UtilityLibraryConsole.csproj", "{8B3D8CA7-89A9-4973-97C2-93F56BD63F3D}"
EndProject
Project("{778DAE3C-4631-46EA-AA77-85C1314464D9}") = "ConsoleAppPowerShellGetIp", "ConsoleAppPowerShellGetIp\ConsoleAppPowerShellGetIp.vbproj", "{0F88A907-34D4-4F71-84A7-1266E6852BC9}"
EndProject
Project("{778DAE3C-4631-46EA-AA77-85C1314464D9}") = "DelegatesEventsPrimer", "DelegatesEventsPrimer\DelegatesEventsPrimer.vbproj", "{87AE61C3-45E7-480F-BAF0-1BB0B570DDC3}"
EndProject
Project("{2150E333-8FDC-42A3-9474-1A3956D46DE8}") = "Solution Items", "Solution Items", "{F4261683-D99C-4878-AC77-19A636BBF4F8}"
	ProjectSection(SolutionItems) = preProject
		readme.md = readme.md
		temp.md = temp.md
	EndProjectSection
EndProject
Project("{9A19103F-16F7-4668-BE54-9A1E7A4F7556}") = "ConsoleAppAsync_csharp", "ConsoleAppAsync_csharp\ConsoleAppAsync_csharp.csproj", "{798B16E9-09A2-4E52-9E62-B120E5037E83}"
EndProject
Project("{2150E333-8FDC-42A3-9474-1A3956D46DE8}") = "Q_A", "Q_A", "{62CF45BA-2347-4541-98F5-36B0F557F038}"
EndProject
Project("{9A19103F-16F7-4668-BE54-9A1E7A4F7556}") = "ConsoleApp1", "ConsoleApp1\ConsoleApp1.csproj", "{BEAFA715-789D-476A-8C17-0D242FEB584D}"
EndProject
Project("{F184B08F-C81C-45F6-A57F-5ABD9991F28F}") = "WindowsAppAsConsole", "WindowsAppAsConsole\WindowsAppAsConsole.vbproj", "{B5E3C394-D815-492A-8BE4-8F70FB798580}"
EndProject
Project("{F184B08F-C81C-45F6-A57F-5ABD9991F28F}") = "CopyDirectoryExample", "CopyDirectoryExample\CopyDirectoryExample.vbproj", "{8218C549-8C6D-406F-8670-DA71FE2F4404}"
EndProject
Project("{F184B08F-C81C-45F6-A57F-5ABD9991F28F}") = "SpreadSheetLightVb", "SpreadSheetLightVb\SpreadSheetLightVb.vbproj", "{D1D66D2B-27E9-4B3F-8B90-99167C699206}"
EndProject
Project("{778DAE3C-4631-46EA-AA77-85C1314464D9}") = "SqlSamples", "SqlSamples\SqlSamples.vbproj", "{466C8F3D-8258-427D-A366-6E6999C0AEC5}"
EndProject
Project("{FAE04EC0-301F-11D3-BF4B-00C04F79EFBC}") = "CreateDynamicControls", "CreateDynamicControls\CreateDynamicControls.csproj", "{B09FA7C0-E3C2-4DDD-A7CC-8D7046A1041A}"
EndProject
Project("{FAE04EC0-301F-11D3-BF4B-00C04F79EFBC}") = "Access_mdb", "Access_mdb\Access_mdb.csproj", "{D61C0794-9E0B-4C50-9E41-3C553E084D4D}"
EndProject
Project("{2150E333-8FDC-42A3-9474-1A3956D46DE8}") = "WPF", "WPF", "{C6F2E27E-50E7-409C-92EB-9668C3461EE0}"
EndProject
Project("{FAE04EC0-301F-11D3-BF4B-00C04F79EFBC}") = "WpfAppSelectTabs", "WpfAppSelectTabs\WpfAppSelectTabs.csproj", "{B46C604C-5282-4206-9100-ED753BA4380C}"
EndProject
Project("{F184B08F-C81C-45F6-A57F-5ABD9991F28F}") = "SendEmail", "SendEmail\SendEmail.vbproj", "{D83A0E40-4166-40DB-AA15-B8E69657243A}"
EndProject
Project("{FAE04EC0-301F-11D3-BF4B-00C04F79EFBC}") = "CheckedListBoxExample", "CheckedListBoxExample\CheckedListBoxExample.csproj", "{94B01419-582B-491F-A46E-EA3F30EBF92C}"
EndProject
Project("{FAE04EC0-301F-11D3-BF4B-00C04F79EFBC}") = "SpreadSheetLight1", "SpreadSheetLight1\SpreadSheetLight1.csproj", "{E0C8A621-3393-4066-A7D8-C4FFBE882FEA}"
EndProject
Project("{9A19103F-16F7-4668-BE54-9A1E7A4F7556}") = "KP_ExceptionPackageTest", "KP_ExceptionPackageTest\KP_ExceptionPackageTest.csproj", "{B7D00874-6172-4B02-A2B3-1ED655B4877B}"
EndProject
Project("{F184B08F-C81C-45F6-A57F-5ABD9991F28F}") = "BindingSourceCode", "BindingSourceCode\BindingSourceCode.vbproj", "{3C44F88A-BC60-49C6-89F4-6E30265D98C7}"
EndProject
Project("{FAE04EC0-301F-11D3-BF4B-00C04F79EFBC}") = "CancellationToken", "CancellationToken\CancellationToken.csproj", "{4C5CE8E5-BD46-4A44-9803-1843432DC14B}"
EndProject
Project("{9A19103F-16F7-4668-BE54-9A1E7A4F7556}") = "ChangeImage", "ChangeImage\ChangeImage.csproj", "{4642BE7C-2492-4731-A9A7-75A22B829F09}"
EndProject
Project("{FAE04EC0-301F-11D3-BF4B-00C04F79EFBC}") = "SystemTrayApp", "SystemTrayApp\SystemTrayApp.csproj", "{F317AF2E-9704-4A2A-BDAE-B4662ED9483B}"
EndProject
Project("{9A19103F-16F7-4668-BE54-9A1E7A4F7556}") = "ProcessingAndWait", "ProcessingAndWaut\ProcessingAndWait.csproj", "{8F49729C-096D-491E-A9B1-79C721EFCC2D}"
EndProject
Project("{9A19103F-16F7-4668-BE54-9A1E7A4F7556}") = "GemboxDocumentTest", "GemboxDocumentTest\GemboxDocumentTest.csproj", "{94F60D7B-1ACF-4AE3-A77A-F690540661C1}"
EndProject
Project("{FAE04EC0-301F-11D3-BF4B-00C04F79EFBC}") = "WorkingWithMsAccessImages", "WorkingWithMsAccessImages\WorkingWithMsAccessImages.csproj", "{62E1A6B7-418B-4AAE-BCE8-633F2292C7AC}"
EndProject
Project("{F184B08F-C81C-45F6-A57F-5ABD9991F28F}") = "CheckedListBoxDemo", "CheckedListBoxDemo\CheckedListBoxDemo.vbproj", "{57ED9934-D3AC-434D-9C14-39E9AF62CE27}"
EndProject
Project("{FAE04EC0-301F-11D3-BF4B-00C04F79EFBC}") = "OleDbConnectionUpdateData", "OleDbConnectionUpdateData\OleDbConnectionUpdateData.csproj", "{63512C20-058C-4E72-8CA3-5648CA3E33E7}"
EndProject
Project("{FAE04EC0-301F-11D3-BF4B-00C04F79EFBC}") = "UnboundDataGridViewComboBox", "UnboundDataGridViewComboBox\UnboundDataGridViewComboBox.csproj", "{1D3B1B31-C6CC-4C25-94A4-139F451A5169}"
EndProject
Global
	GlobalSection(SolutionConfigurationPlatforms) = preSolution
		Debug|Any CPU = Debug|Any CPU
		Debug|x86 = Debug|x86
		Release|Any CPU = Release|Any CPU
		Release|x86 = Release|x86
	EndGlobalSection
	GlobalSection(ProjectConfigurationPlatforms) = postSolution
		{75B02E53-CA14-4CF7-B0BA-89FBE9AFB7D7}.Debug|Any CPU.ActiveCfg = Debug|Any CPU
		{75B02E53-CA14-4CF7-B0BA-89FBE9AFB7D7}.Debug|Any CPU.Build.0 = Debug|Any CPU
		{75B02E53-CA14-4CF7-B0BA-89FBE9AFB7D7}.Debug|x86.ActiveCfg = Debug|Any CPU
		{75B02E53-CA14-4CF7-B0BA-89FBE9AFB7D7}.Debug|x86.Build.0 = Debug|Any CPU
		{75B02E53-CA14-4CF7-B0BA-89FBE9AFB7D7}.Release|Any CPU.ActiveCfg = Release|Any CPU
		{75B02E53-CA14-4CF7-B0BA-89FBE9AFB7D7}.Release|Any CPU.Build.0 = Release|Any CPU
		{75B02E53-CA14-4CF7-B0BA-89FBE9AFB7D7}.Release|x86.ActiveCfg = Release|Any CPU
		{75B02E53-CA14-4CF7-B0BA-89FBE9AFB7D7}.Release|x86.Build.0 = Release|Any CPU
		{203D8B83-FCD1-4573-A2B0-77E1A7F053E1}.Debug|Any CPU.ActiveCfg = Debug|Any CPU
		{203D8B83-FCD1-4573-A2B0-77E1A7F053E1}.Debug|Any CPU.Build.0 = Debug|Any CPU
		{203D8B83-FCD1-4573-A2B0-77E1A7F053E1}.Debug|x86.ActiveCfg = Debug|Any CPU
		{203D8B83-FCD1-4573-A2B0-77E1A7F053E1}.Debug|x86.Build.0 = Debug|Any CPU
		{203D8B83-FCD1-4573-A2B0-77E1A7F053E1}.Release|Any CPU.ActiveCfg = Release|Any CPU
		{203D8B83-FCD1-4573-A2B0-77E1A7F053E1}.Release|Any CPU.Build.0 = Release|Any CPU
		{203D8B83-FCD1-4573-A2B0-77E1A7F053E1}.Release|x86.ActiveCfg = Release|Any CPU
		{203D8B83-FCD1-4573-A2B0-77E1A7F053E1}.Release|x86.Build.0 = Release|Any CPU
		{D9FE0478-CD35-4E70-9BEA-EEE5A9DE6EC3}.Debug|Any CPU.ActiveCfg = Debug|Any CPU
		{D9FE0478-CD35-4E70-9BEA-EEE5A9DE6EC3}.Debug|Any CPU.Build.0 = Debug|Any CPU
		{D9FE0478-CD35-4E70-9BEA-EEE5A9DE6EC3}.Debug|x86.ActiveCfg = Debug|Any CPU
		{D9FE0478-CD35-4E70-9BEA-EEE5A9DE6EC3}.Debug|x86.Build.0 = Debug|Any CPU
		{D9FE0478-CD35-4E70-9BEA-EEE5A9DE6EC3}.Release|Any CPU.ActiveCfg = Release|Any CPU
		{D9FE0478-CD35-4E70-9BEA-EEE5A9DE6EC3}.Release|Any CPU.Build.0 = Release|Any CPU
		{D9FE0478-CD35-4E70-9BEA-EEE5A9DE6EC3}.Release|x86.ActiveCfg = Release|Any CPU
		{D9FE0478-CD35-4E70-9BEA-EEE5A9DE6EC3}.Release|x86.Build.0 = Release|Any CPU
		{DC8EE7CF-6F17-4D40-9C70-4902819E14C2}.Debug|Any CPU.ActiveCfg = Debug|Any CPU
		{DC8EE7CF-6F17-4D40-9C70-4902819E14C2}.Debug|Any CPU.Build.0 = Debug|Any CPU
		{DC8EE7CF-6F17-4D40-9C70-4902819E14C2}.Debug|x86.ActiveCfg = Debug|Any CPU
		{DC8EE7CF-6F17-4D40-9C70-4902819E14C2}.Debug|x86.Build.0 = Debug|Any CPU
		{DC8EE7CF-6F17-4D40-9C70-4902819E14C2}.Release|Any CPU.ActiveCfg = Release|Any CPU
		{DC8EE7CF-6F17-4D40-9C70-4902819E14C2}.Release|Any CPU.Build.0 = Release|Any CPU
		{DC8EE7CF-6F17-4D40-9C70-4902819E14C2}.Release|x86.ActiveCfg = Release|Any CPU
		{DC8EE7CF-6F17-4D40-9C70-4902819E14C2}.Release|x86.Build.0 = Release|Any CPU
		{2423BC2F-1870-4CE0-AAF0-F1897381E113}.Debug|Any CPU.ActiveCfg = Debug|Any CPU
		{2423BC2F-1870-4CE0-AAF0-F1897381E113}.Debug|Any CPU.Build.0 = Debug|Any CPU
		{2423BC2F-1870-4CE0-AAF0-F1897381E113}.Debug|x86.ActiveCfg = Debug|Any CPU
		{2423BC2F-1870-4CE0-AAF0-F1897381E113}.Debug|x86.Build.0 = Debug|Any CPU
		{2423BC2F-1870-4CE0-AAF0-F1897381E113}.Release|Any CPU.ActiveCfg = Release|Any CPU
		{2423BC2F-1870-4CE0-AAF0-F1897381E113}.Release|Any CPU.Build.0 = Release|Any CPU
		{2423BC2F-1870-4CE0-AAF0-F1897381E113}.Release|x86.ActiveCfg = Release|Any CPU
		{2423BC2F-1870-4CE0-AAF0-F1897381E113}.Release|x86.Build.0 = Release|Any CPU
		{0E73CCBE-8778-4204-A042-693E75C36C24}.Debug|Any CPU.ActiveCfg = Debug|Any CPU
		{0E73CCBE-8778-4204-A042-693E75C36C24}.Debug|Any CPU.Build.0 = Debug|Any CPU
		{0E73CCBE-8778-4204-A042-693E75C36C24}.Debug|x86.ActiveCfg = Debug|Any CPU
		{0E73CCBE-8778-4204-A042-693E75C36C24}.Debug|x86.Build.0 = Debug|Any CPU
		{0E73CCBE-8778-4204-A042-693E75C36C24}.Release|Any CPU.ActiveCfg = Release|Any CPU
		{0E73CCBE-8778-4204-A042-693E75C36C24}.Release|Any CPU.Build.0 = Release|Any CPU
		{0E73CCBE-8778-4204-A042-693E75C36C24}.Release|x86.ActiveCfg = Release|Any CPU
		{0E73CCBE-8778-4204-A042-693E75C36C24}.Release|x86.Build.0 = Release|Any CPU
		{8B3D8CA7-89A9-4973-97C2-93F56BD63F3D}.Debug|Any CPU.ActiveCfg = Debug|Any CPU
		{8B3D8CA7-89A9-4973-97C2-93F56BD63F3D}.Debug|Any CPU.Build.0 = Debug|Any CPU
		{8B3D8CA7-89A9-4973-97C2-93F56BD63F3D}.Debug|x86.ActiveCfg = Debug|Any CPU
		{8B3D8CA7-89A9-4973-97C2-93F56BD63F3D}.Debug|x86.Build.0 = Debug|Any CPU
		{8B3D8CA7-89A9-4973-97C2-93F56BD63F3D}.Release|Any CPU.ActiveCfg = Release|Any CPU
		{8B3D8CA7-89A9-4973-97C2-93F56BD63F3D}.Release|Any CPU.Build.0 = Release|Any CPU
		{8B3D8CA7-89A9-4973-97C2-93F56BD63F3D}.Release|x86.ActiveCfg = Release|Any CPU
		{8B3D8CA7-89A9-4973-97C2-93F56BD63F3D}.Release|x86.Build.0 = Release|Any CPU
		{0F88A907-34D4-4F71-84A7-1266E6852BC9}.Debug|Any CPU.ActiveCfg = Debug|Any CPU
		{0F88A907-34D4-4F71-84A7-1266E6852BC9}.Debug|Any CPU.Build.0 = Debug|Any CPU
		{0F88A907-34D4-4F71-84A7-1266E6852BC9}.Debug|x86.ActiveCfg = Debug|Any CPU
		{0F88A907-34D4-4F71-84A7-1266E6852BC9}.Debug|x86.Build.0 = Debug|Any CPU
		{0F88A907-34D4-4F71-84A7-1266E6852BC9}.Release|Any CPU.ActiveCfg = Release|Any CPU
		{0F88A907-34D4-4F71-84A7-1266E6852BC9}.Release|Any CPU.Build.0 = Release|Any CPU
		{0F88A907-34D4-4F71-84A7-1266E6852BC9}.Release|x86.ActiveCfg = Release|Any CPU
		{0F88A907-34D4-4F71-84A7-1266E6852BC9}.Release|x86.Build.0 = Release|Any CPU
		{87AE61C3-45E7-480F-BAF0-1BB0B570DDC3}.Debug|Any CPU.ActiveCfg = Debug|Any CPU
		{87AE61C3-45E7-480F-BAF0-1BB0B570DDC3}.Debug|Any CPU.Build.0 = Debug|Any CPU
		{87AE61C3-45E7-480F-BAF0-1BB0B570DDC3}.Debug|x86.ActiveCfg = Debug|Any CPU
		{87AE61C3-45E7-480F-BAF0-1BB0B570DDC3}.Debug|x86.Build.0 = Debug|Any CPU
		{87AE61C3-45E7-480F-BAF0-1BB0B570DDC3}.Release|Any CPU.ActiveCfg = Release|Any CPU
		{87AE61C3-45E7-480F-BAF0-1BB0B570DDC3}.Release|Any CPU.Build.0 = Release|Any CPU
		{87AE61C3-45E7-480F-BAF0-1BB0B570DDC3}.Release|x86.ActiveCfg = Release|Any CPU
		{87AE61C3-45E7-480F-BAF0-1BB0B570DDC3}.Release|x86.Build.0 = Release|Any CPU
		{798B16E9-09A2-4E52-9E62-B120E5037E83}.Debug|Any CPU.ActiveCfg = Debug|Any CPU
		{798B16E9-09A2-4E52-9E62-B120E5037E83}.Debug|Any CPU.Build.0 = Debug|Any CPU
		{798B16E9-09A2-4E52-9E62-B120E5037E83}.Debug|x86.ActiveCfg = Debug|Any CPU
		{798B16E9-09A2-4E52-9E62-B120E5037E83}.Debug|x86.Build.0 = Debug|Any CPU
		{798B16E9-09A2-4E52-9E62-B120E5037E83}.Release|Any CPU.ActiveCfg = Release|Any CPU
		{798B16E9-09A2-4E52-9E62-B120E5037E83}.Release|Any CPU.Build.0 = Release|Any CPU
		{798B16E9-09A2-4E52-9E62-B120E5037E83}.Release|x86.ActiveCfg = Release|Any CPU
		{798B16E9-09A2-4E52-9E62-B120E5037E83}.Release|x86.Build.0 = Release|Any CPU
		{BEAFA715-789D-476A-8C17-0D242FEB584D}.Debug|Any CPU.ActiveCfg = Debug|Any CPU
		{BEAFA715-789D-476A-8C17-0D242FEB584D}.Debug|Any CPU.Build.0 = Debug|Any CPU
		{BEAFA715-789D-476A-8C17-0D242FEB584D}.Debug|x86.ActiveCfg = Debug|Any CPU
		{BEAFA715-789D-476A-8C17-0D242FEB584D}.Debug|x86.Build.0 = Debug|Any CPU
		{BEAFA715-789D-476A-8C17-0D242FEB584D}.Release|Any CPU.ActiveCfg = Release|Any CPU
		{BEAFA715-789D-476A-8C17-0D242FEB584D}.Release|Any CPU.Build.0 = Release|Any CPU
		{BEAFA715-789D-476A-8C17-0D242FEB584D}.Release|x86.ActiveCfg = Release|Any CPU
		{BEAFA715-789D-476A-8C17-0D242FEB584D}.Release|x86.Build.0 = Release|Any CPU
		{B5E3C394-D815-492A-8BE4-8F70FB798580}.Debug|Any CPU.ActiveCfg = Debug|Any CPU
		{B5E3C394-D815-492A-8BE4-8F70FB798580}.Debug|Any CPU.Build.0 = Debug|Any CPU
		{B5E3C394-D815-492A-8BE4-8F70FB798580}.Debug|x86.ActiveCfg = Debug|Any CPU
		{B5E3C394-D815-492A-8BE4-8F70FB798580}.Debug|x86.Build.0 = Debug|Any CPU
		{B5E3C394-D815-492A-8BE4-8F70FB798580}.Release|Any CPU.ActiveCfg = Release|Any CPU
		{B5E3C394-D815-492A-8BE4-8F70FB798580}.Release|Any CPU.Build.0 = Release|Any CPU
		{B5E3C394-D815-492A-8BE4-8F70FB798580}.Release|x86.ActiveCfg = Release|Any CPU
		{B5E3C394-D815-492A-8BE4-8F70FB798580}.Release|x86.Build.0 = Release|Any CPU
		{8218C549-8C6D-406F-8670-DA71FE2F4404}.Debug|Any CPU.ActiveCfg = Debug|Any CPU
		{8218C549-8C6D-406F-8670-DA71FE2F4404}.Debug|Any CPU.Build.0 = Debug|Any CPU
		{8218C549-8C6D-406F-8670-DA71FE2F4404}.Debug|x86.ActiveCfg = Debug|Any CPU
		{8218C549-8C6D-406F-8670-DA71FE2F4404}.Debug|x86.Build.0 = Debug|Any CPU
		{8218C549-8C6D-406F-8670-DA71FE2F4404}.Release|Any CPU.ActiveCfg = Release|Any CPU
		{8218C549-8C6D-406F-8670-DA71FE2F4404}.Release|Any CPU.Build.0 = Release|Any CPU
		{8218C549-8C6D-406F-8670-DA71FE2F4404}.Release|x86.ActiveCfg = Release|Any CPU
		{8218C549-8C6D-406F-8670-DA71FE2F4404}.Release|x86.Build.0 = Release|Any CPU
		{D1D66D2B-27E9-4B3F-8B90-99167C699206}.Debug|Any CPU.ActiveCfg = Debug|Any CPU
		{D1D66D2B-27E9-4B3F-8B90-99167C699206}.Debug|Any CPU.Build.0 = Debug|Any CPU
		{D1D66D2B-27E9-4B3F-8B90-99167C699206}.Debug|x86.ActiveCfg = Debug|Any CPU
		{D1D66D2B-27E9-4B3F-8B90-99167C699206}.Debug|x86.Build.0 = Debug|Any CPU
		{D1D66D2B-27E9-4B3F-8B90-99167C699206}.Release|Any CPU.ActiveCfg = Release|Any CPU
		{D1D66D2B-27E9-4B3F-8B90-99167C699206}.Release|Any CPU.Build.0 = Release|Any CPU
		{D1D66D2B-27E9-4B3F-8B90-99167C699206}.Release|x86.ActiveCfg = Release|Any CPU
		{D1D66D2B-27E9-4B3F-8B90-99167C699206}.Release|x86.Build.0 = Release|Any CPU
		{466C8F3D-8258-427D-A366-6E6999C0AEC5}.Debug|Any CPU.ActiveCfg = Debug|Any CPU
		{466C8F3D-8258-427D-A366-6E6999C0AEC5}.Debug|Any CPU.Build.0 = Debug|Any CPU
		{466C8F3D-8258-427D-A366-6E6999C0AEC5}.Debug|x86.ActiveCfg = Debug|Any CPU
		{466C8F3D-8258-427D-A366-6E6999C0AEC5}.Debug|x86.Build.0 = Debug|Any CPU
		{466C8F3D-8258-427D-A366-6E6999C0AEC5}.Release|Any CPU.ActiveCfg = Release|Any CPU
		{466C8F3D-8258-427D-A366-6E6999C0AEC5}.Release|Any CPU.Build.0 = Release|Any CPU
		{466C8F3D-8258-427D-A366-6E6999C0AEC5}.Release|x86.ActiveCfg = Release|Any CPU
		{466C8F3D-8258-427D-A366-6E6999C0AEC5}.Release|x86.Build.0 = Release|Any CPU
		{B09FA7C0-E3C2-4DDD-A7CC-8D7046A1041A}.Debug|Any CPU.ActiveCfg = Debug|Any CPU
		{B09FA7C0-E3C2-4DDD-A7CC-8D7046A1041A}.Debug|Any CPU.Build.0 = Debug|Any CPU
		{B09FA7C0-E3C2-4DDD-A7CC-8D7046A1041A}.Debug|x86.ActiveCfg = Debug|Any CPU
		{B09FA7C0-E3C2-4DDD-A7CC-8D7046A1041A}.Debug|x86.Build.0 = Debug|Any CPU
		{B09FA7C0-E3C2-4DDD-A7CC-8D7046A1041A}.Release|Any CPU.ActiveCfg = Release|Any CPU
		{B09FA7C0-E3C2-4DDD-A7CC-8D7046A1041A}.Release|Any CPU.Build.0 = Release|Any CPU
		{B09FA7C0-E3C2-4DDD-A7CC-8D7046A1041A}.Release|x86.ActiveCfg = Release|Any CPU
		{B09FA7C0-E3C2-4DDD-A7CC-8D7046A1041A}.Release|x86.Build.0 = Release|Any CPU
		{D61C0794-9E0B-4C50-9E41-3C553E084D4D}.Debug|Any CPU.ActiveCfg = Debug|Any CPU
		{D61C0794-9E0B-4C50-9E41-3C553E084D4D}.Debug|Any CPU.Build.0 = Debug|Any CPU
		{D61C0794-9E0B-4C50-9E41-3C553E084D4D}.Debug|x86.ActiveCfg = Debug|Any CPU
		{D61C0794-9E0B-4C50-9E41-3C553E084D4D}.Debug|x86.Build.0 = Debug|Any CPU
		{D61C0794-9E0B-4C50-9E41-3C553E084D4D}.Release|Any CPU.ActiveCfg = Release|Any CPU
		{D61C0794-9E0B-4C50-9E41-3C553E084D4D}.Release|Any CPU.Build.0 = Release|Any CPU
		{D61C0794-9E0B-4C50-9E41-3C553E084D4D}.Release|x86.ActiveCfg = Release|Any CPU
		{D61C0794-9E0B-4C50-9E41-3C553E084D4D}.Release|x86.Build.0 = Release|Any CPU
		{B46C604C-5282-4206-9100-ED753BA4380C}.Debug|Any CPU.ActiveCfg = Debug|Any CPU
		{B46C604C-5282-4206-9100-ED753BA4380C}.Debug|Any CPU.Build.0 = Debug|Any CPU
		{B46C604C-5282-4206-9100-ED753BA4380C}.Debug|x86.ActiveCfg = Debug|Any CPU
		{B46C604C-5282-4206-9100-ED753BA4380C}.Debug|x86.Build.0 = Debug|Any CPU
		{B46C604C-5282-4206-9100-ED753BA4380C}.Release|Any CPU.ActiveCfg = Release|Any CPU
		{B46C604C-5282-4206-9100-ED753BA4380C}.Release|Any CPU.Build.0 = Release|Any CPU
		{B46C604C-5282-4206-9100-ED753BA4380C}.Release|x86.ActiveCfg = Release|Any CPU
		{B46C604C-5282-4206-9100-ED753BA4380C}.Release|x86.Build.0 = Release|Any CPU
		{D83A0E40-4166-40DB-AA15-B8E69657243A}.Debug|Any CPU.ActiveCfg = Debug|Any CPU
		{D83A0E40-4166-40DB-AA15-B8E69657243A}.Debug|Any CPU.Build.0 = Debug|Any CPU
		{D83A0E40-4166-40DB-AA15-B8E69657243A}.Debug|x86.ActiveCfg = Debug|Any CPU
		{D83A0E40-4166-40DB-AA15-B8E69657243A}.Debug|x86.Build.0 = Debug|Any CPU
		{D83A0E40-4166-40DB-AA15-B8E69657243A}.Release|Any CPU.ActiveCfg = Release|Any CPU
		{D83A0E40-4166-40DB-AA15-B8E69657243A}.Release|Any CPU.Build.0 = Release|Any CPU
		{D83A0E40-4166-40DB-AA15-B8E69657243A}.Release|x86.ActiveCfg = Release|Any CPU
		{D83A0E40-4166-40DB-AA15-B8E69657243A}.Release|x86.Build.0 = Release|Any CPU
		{94B01419-582B-491F-A46E-EA3F30EBF92C}.Debug|Any CPU.ActiveCfg = Debug|Any CPU
		{94B01419-582B-491F-A46E-EA3F30EBF92C}.Debug|Any CPU.Build.0 = Debug|Any CPU
		{94B01419-582B-491F-A46E-EA3F30EBF92C}.Debug|x86.ActiveCfg = Debug|Any CPU
		{94B01419-582B-491F-A46E-EA3F30EBF92C}.Debug|x86.Build.0 = Debug|Any CPU
		{94B01419-582B-491F-A46E-EA3F30EBF92C}.Release|Any CPU.ActiveCfg = Release|Any CPU
		{94B01419-582B-491F-A46E-EA3F30EBF92C}.Release|Any CPU.Build.0 = Release|Any CPU
		{94B01419-582B-491F-A46E-EA3F30EBF92C}.Release|x86.ActiveCfg = Release|Any CPU
		{94B01419-582B-491F-A46E-EA3F30EBF92C}.Release|x86.Build.0 = Release|Any CPU
		{E0C8A621-3393-4066-A7D8-C4FFBE882FEA}.Debug|Any CPU.ActiveCfg = Release|Any CPU
		{E0C8A621-3393-4066-A7D8-C4FFBE882FEA}.Debug|Any CPU.Build.0 = Release|Any CPU
		{E0C8A621-3393-4066-A7D8-C4FFBE882FEA}.Debug|x86.ActiveCfg = Debug|Any CPU
		{E0C8A621-3393-4066-A7D8-C4FFBE882FEA}.Debug|x86.Build.0 = Debug|Any CPU
		{E0C8A621-3393-4066-A7D8-C4FFBE882FEA}.Release|Any CPU.ActiveCfg = Release|Any CPU
		{E0C8A621-3393-4066-A7D8-C4FFBE882FEA}.Release|Any CPU.Build.0 = Release|Any CPU
		{E0C8A621-3393-4066-A7D8-C4FFBE882FEA}.Release|x86.ActiveCfg = Release|Any CPU
		{E0C8A621-3393-4066-A7D8-C4FFBE882FEA}.Release|x86.Build.0 = Release|Any CPU
		{B7D00874-6172-4B02-A2B3-1ED655B4877B}.Debug|Any CPU.ActiveCfg = Debug|Any CPU
		{B7D00874-6172-4B02-A2B3-1ED655B4877B}.Debug|Any CPU.Build.0 = Debug|Any CPU
		{B7D00874-6172-4B02-A2B3-1ED655B4877B}.Debug|x86.ActiveCfg = Debug|Any CPU
		{B7D00874-6172-4B02-A2B3-1ED655B4877B}.Debug|x86.Build.0 = Debug|Any CPU
		{B7D00874-6172-4B02-A2B3-1ED655B4877B}.Release|Any CPU.ActiveCfg = Release|Any CPU
		{B7D00874-6172-4B02-A2B3-1ED655B4877B}.Release|Any CPU.Build.0 = Release|Any CPU
		{B7D00874-6172-4B02-A2B3-1ED655B4877B}.Release|x86.ActiveCfg = Release|Any CPU
		{B7D00874-6172-4B02-A2B3-1ED655B4877B}.Release|x86.Build.0 = Release|Any CPU
		{3C44F88A-BC60-49C6-89F4-6E30265D98C7}.Debug|Any CPU.ActiveCfg = Debug|Any CPU
		{3C44F88A-BC60-49C6-89F4-6E30265D98C7}.Debug|Any CPU.Build.0 = Debug|Any CPU
		{3C44F88A-BC60-49C6-89F4-6E30265D98C7}.Debug|x86.ActiveCfg = Debug|Any CPU
		{3C44F88A-BC60-49C6-89F4-6E30265D98C7}.Debug|x86.Build.0 = Debug|Any CPU
		{3C44F88A-BC60-49C6-89F4-6E30265D98C7}.Release|Any CPU.ActiveCfg = Release|Any CPU
		{3C44F88A-BC60-49C6-89F4-6E30265D98C7}.Release|Any CPU.Build.0 = Release|Any CPU
		{3C44F88A-BC60-49C6-89F4-6E30265D98C7}.Release|x86.ActiveCfg = Release|Any CPU
		{3C44F88A-BC60-49C6-89F4-6E30265D98C7}.Release|x86.Build.0 = Release|Any CPU
		{4C5CE8E5-BD46-4A44-9803-1843432DC14B}.Debug|Any CPU.ActiveCfg = Debug|Any CPU
		{4C5CE8E5-BD46-4A44-9803-1843432DC14B}.Debug|Any CPU.Build.0 = Debug|Any CPU
		{4C5CE8E5-BD46-4A44-9803-1843432DC14B}.Debug|x86.ActiveCfg = Debug|Any CPU
		{4C5CE8E5-BD46-4A44-9803-1843432DC14B}.Debug|x86.Build.0 = Debug|Any CPU
		{4C5CE8E5-BD46-4A44-9803-1843432DC14B}.Release|Any CPU.ActiveCfg = Release|Any CPU
		{4C5CE8E5-BD46-4A44-9803-1843432DC14B}.Release|Any CPU.Build.0 = Release|Any CPU
		{4C5CE8E5-BD46-4A44-9803-1843432DC14B}.Release|x86.ActiveCfg = Release|Any CPU
		{4C5CE8E5-BD46-4A44-9803-1843432DC14B}.Release|x86.Build.0 = Release|Any CPU
		{4642BE7C-2492-4731-A9A7-75A22B829F09}.Debug|Any CPU.ActiveCfg = Debug|Any CPU
		{4642BE7C-2492-4731-A9A7-75A22B829F09}.Debug|Any CPU.Build.0 = Debug|Any CPU
		{4642BE7C-2492-4731-A9A7-75A22B829F09}.Debug|x86.ActiveCfg = Debug|Any CPU
		{4642BE7C-2492-4731-A9A7-75A22B829F09}.Debug|x86.Build.0 = Debug|Any CPU
		{4642BE7C-2492-4731-A9A7-75A22B829F09}.Release|Any CPU.ActiveCfg = Release|Any CPU
		{4642BE7C-2492-4731-A9A7-75A22B829F09}.Release|Any CPU.Build.0 = Release|Any CPU
		{4642BE7C-2492-4731-A9A7-75A22B829F09}.Release|x86.ActiveCfg = Release|Any CPU
		{4642BE7C-2492-4731-A9A7-75A22B829F09}.Release|x86.Build.0 = Release|Any CPU
		{F317AF2E-9704-4A2A-BDAE-B4662ED9483B}.Debug|Any CPU.ActiveCfg = Debug|x86
		{F317AF2E-9704-4A2A-BDAE-B4662ED9483B}.Debug|Any CPU.Build.0 = Debug|x86
		{F317AF2E-9704-4A2A-BDAE-B4662ED9483B}.Debug|x86.ActiveCfg = Debug|x86
		{F317AF2E-9704-4A2A-BDAE-B4662ED9483B}.Debug|x86.Build.0 = Debug|x86
		{F317AF2E-9704-4A2A-BDAE-B4662ED9483B}.Release|Any CPU.ActiveCfg = Release|x86
		{F317AF2E-9704-4A2A-BDAE-B4662ED9483B}.Release|x86.ActiveCfg = Release|x86
		{F317AF2E-9704-4A2A-BDAE-B4662ED9483B}.Release|x86.Build.0 = Release|x86
		{8F49729C-096D-491E-A9B1-79C721EFCC2D}.Debug|Any CPU.ActiveCfg = Debug|Any CPU
		{8F49729C-096D-491E-A9B1-79C721EFCC2D}.Debug|Any CPU.Build.0 = Debug|Any CPU
		{8F49729C-096D-491E-A9B1-79C721EFCC2D}.Debug|x86.ActiveCfg = Debug|Any CPU
		{8F49729C-096D-491E-A9B1-79C721EFCC2D}.Debug|x86.Build.0 = Debug|Any CPU
		{8F49729C-096D-491E-A9B1-79C721EFCC2D}.Release|Any CPU.ActiveCfg = Release|Any CPU
		{8F49729C-096D-491E-A9B1-79C721EFCC2D}.Release|Any CPU.Build.0 = Release|Any CPU
		{8F49729C-096D-491E-A9B1-79C721EFCC2D}.Release|x86.ActiveCfg = Release|Any CPU
		{8F49729C-096D-491E-A9B1-79C721EFCC2D}.Release|x86.Build.0 = Release|Any CPU
		{94F60D7B-1ACF-4AE3-A77A-F690540661C1}.Debug|Any CPU.ActiveCfg = Debug|Any CPU
		{94F60D7B-1ACF-4AE3-A77A-F690540661C1}.Debug|Any CPU.Build.0 = Debug|Any CPU
		{94F60D7B-1ACF-4AE3-A77A-F690540661C1}.Debug|x86.ActiveCfg = Debug|Any CPU
		{94F60D7B-1ACF-4AE3-A77A-F690540661C1}.Debug|x86.Build.0 = Debug|Any CPU
		{94F60D7B-1ACF-4AE3-A77A-F690540661C1}.Release|Any CPU.ActiveCfg = Release|Any CPU
		{94F60D7B-1ACF-4AE3-A77A-F690540661C1}.Release|Any CPU.Build.0 = Release|Any CPU
		{94F60D7B-1ACF-4AE3-A77A-F690540661C1}.Release|x86.ActiveCfg = Release|Any CPU
		{94F60D7B-1ACF-4AE3-A77A-F690540661C1}.Release|x86.Build.0 = Release|Any CPU
		{62E1A6B7-418B-4AAE-BCE8-633F2292C7AC}.Debug|Any CPU.ActiveCfg = Debug|Any CPU
		{62E1A6B7-418B-4AAE-BCE8-633F2292C7AC}.Debug|Any CPU.Build.0 = Debug|Any CPU
		{62E1A6B7-418B-4AAE-BCE8-633F2292C7AC}.Debug|x86.ActiveCfg = Debug|Any CPU
		{62E1A6B7-418B-4AAE-BCE8-633F2292C7AC}.Debug|x86.Build.0 = Debug|Any CPU
		{62E1A6B7-418B-4AAE-BCE8-633F2292C7AC}.Release|Any CPU.ActiveCfg = Release|Any CPU
		{62E1A6B7-418B-4AAE-BCE8-633F2292C7AC}.Release|Any CPU.Build.0 = Release|Any CPU
		{62E1A6B7-418B-4AAE-BCE8-633F2292C7AC}.Release|x86.ActiveCfg = Release|Any CPU
		{62E1A6B7-418B-4AAE-BCE8-633F2292C7AC}.Release|x86.Build.0 = Release|Any CPU
		{57ED9934-D3AC-434D-9C14-39E9AF62CE27}.Debug|Any CPU.ActiveCfg = Debug|Any CPU
		{57ED9934-D3AC-434D-9C14-39E9AF62CE27}.Debug|Any CPU.Build.0 = Debug|Any CPU
		{57ED9934-D3AC-434D-9C14-39E9AF62CE27}.Debug|x86.ActiveCfg = Debug|Any CPU
		{57ED9934-D3AC-434D-9C14-39E9AF62CE27}.Debug|x86.Build.0 = Debug|Any CPU
		{57ED9934-D3AC-434D-9C14-39E9AF62CE27}.Release|Any CPU.ActiveCfg = Release|Any CPU
		{57ED9934-D3AC-434D-9C14-39E9AF62CE27}.Release|Any CPU.Build.0 = Release|Any CPU
		{57ED9934-D3AC-434D-9C14-39E9AF62CE27}.Release|x86.ActiveCfg = Release|Any CPU
		{57ED9934-D3AC-434D-9C14-39E9AF62CE27}.Release|x86.Build.0 = Release|Any CPU
		{63512C20-058C-4E72-8CA3-5648CA3E33E7}.Debug|Any CPU.ActiveCfg = Debug|Any CPU
		{63512C20-058C-4E72-8CA3-5648CA3E33E7}.Debug|Any CPU.Build.0 = Debug|Any CPU
		{63512C20-058C-4E72-8CA3-5648CA3E33E7}.Debug|x86.ActiveCfg = Debug|Any CPU
		{63512C20-058C-4E72-8CA3-5648CA3E33E7}.Debug|x86.Build.0 = Debug|Any CPU
		{63512C20-058C-4E72-8CA3-5648CA3E33E7}.Release|Any CPU.ActiveCfg = Release|Any CPU
		{63512C20-058C-4E72-8CA3-5648CA3E33E7}.Release|Any CPU.Build.0 = Release|Any CPU
		{63512C20-058C-4E72-8CA3-5648CA3E33E7}.Release|x86.ActiveCfg = Release|Any CPU
		{63512C20-058C-4E72-8CA3-5648CA3E33E7}.Release|x86.Build.0 = Release|Any CPU
		{1D3B1B31-C6CC-4C25-94A4-139F451A5169}.Debug|Any CPU.ActiveCfg = Debug|Any CPU
		{1D3B1B31-C6CC-4C25-94A4-139F451A5169}.Debug|Any CPU.Build.0 = Debug|Any CPU
		{1D3B1B31-C6CC-4C25-94A4-139F451A5169}.Debug|x86.ActiveCfg = Debug|Any CPU
		{1D3B1B31-C6CC-4C25-94A4-139F451A5169}.Debug|x86.Build.0 = Debug|Any CPU
		{1D3B1B31-C6CC-4C25-94A4-139F451A5169}.Release|Any CPU.ActiveCfg = Release|Any CPU
		{1D3B1B31-C6CC-4C25-94A4-139F451A5169}.Release|Any CPU.Build.0 = Release|Any CPU
		{1D3B1B31-C6CC-4C25-94A4-139F451A5169}.Release|x86.ActiveCfg = Release|Any CPU
		{1D3B1B31-C6CC-4C25-94A4-139F451A5169}.Release|x86.Build.0 = Release|Any CPU
	EndGlobalSection
	GlobalSection(SolutionProperties) = preSolution
		HideSolutionNode = FALSE
	EndGlobalSection
	GlobalSection(NestedProjects) = preSolution
		{75B02E53-CA14-4CF7-B0BA-89FBE9AFB7D7} = {EAD7EE62-2E71-4E6F-B930-08178B4B7E2E}
		{203D8B83-FCD1-4573-A2B0-77E1A7F053E1} = {6BAF4E98-A9EB-4EAF-A86E-ACDBF5E9DAC5}
		{D9FE0478-CD35-4E70-9BEA-EEE5A9DE6EC3} = {EAD7EE62-2E71-4E6F-B930-08178B4B7E2E}
		{DC8EE7CF-6F17-4D40-9C70-4902819E14C2} = {EAD7EE62-2E71-4E6F-B930-08178B4B7E2E}
		{2423BC2F-1870-4CE0-AAF0-F1897381E113} = {2CBB60B9-2916-4D4F-AEFF-537218423BDB}
		{0E73CCBE-8778-4204-A042-693E75C36C24} = {6BAF4E98-A9EB-4EAF-A86E-ACDBF5E9DAC5}
		{8B3D8CA7-89A9-4973-97C2-93F56BD63F3D} = {2CBB60B9-2916-4D4F-AEFF-537218423BDB}
		{0F88A907-34D4-4F71-84A7-1266E6852BC9} = {2CBB60B9-2916-4D4F-AEFF-537218423BDB}
		{87AE61C3-45E7-480F-BAF0-1BB0B570DDC3} = {EAD7EE62-2E71-4E6F-B930-08178B4B7E2E}
		{BEAFA715-789D-476A-8C17-0D242FEB584D} = {2CBB60B9-2916-4D4F-AEFF-537218423BDB}
		{B5E3C394-D815-492A-8BE4-8F70FB798580} = {EAD7EE62-2E71-4E6F-B930-08178B4B7E2E}
		{8218C549-8C6D-406F-8670-DA71FE2F4404} = {EAD7EE62-2E71-4E6F-B930-08178B4B7E2E}
		{D1D66D2B-27E9-4B3F-8B90-99167C699206} = {EAD7EE62-2E71-4E6F-B930-08178B4B7E2E}
		{466C8F3D-8258-427D-A366-6E6999C0AEC5} = {EAD7EE62-2E71-4E6F-B930-08178B4B7E2E}
		{B09FA7C0-E3C2-4DDD-A7CC-8D7046A1041A} = {62CF45BA-2347-4541-98F5-36B0F557F038}
		{D61C0794-9E0B-4C50-9E41-3C553E084D4D} = {62CF45BA-2347-4541-98F5-36B0F557F038}
		{B46C604C-5282-4206-9100-ED753BA4380C} = {C6F2E27E-50E7-409C-92EB-9668C3461EE0}
		{D83A0E40-4166-40DB-AA15-B8E69657243A} = {62CF45BA-2347-4541-98F5-36B0F557F038}
		{94B01419-582B-491F-A46E-EA3F30EBF92C} = {62CF45BA-2347-4541-98F5-36B0F557F038}
		{E0C8A621-3393-4066-A7D8-C4FFBE882FEA} = {2CBB60B9-2916-4D4F-AEFF-537218423BDB}
		{B7D00874-6172-4B02-A2B3-1ED655B4877B} = {2CBB60B9-2916-4D4F-AEFF-537218423BDB}
		{3C44F88A-BC60-49C6-89F4-6E30265D98C7} = {62CF45BA-2347-4541-98F5-36B0F557F038}
		{4C5CE8E5-BD46-4A44-9803-1843432DC14B} = {2CBB60B9-2916-4D4F-AEFF-537218423BDB}
		{4642BE7C-2492-4731-A9A7-75A22B829F09} = {62CF45BA-2347-4541-98F5-36B0F557F038}
		{F317AF2E-9704-4A2A-BDAE-B4662ED9483B} = {2CBB60B9-2916-4D4F-AEFF-537218423BDB}
		{8F49729C-096D-491E-A9B1-79C721EFCC2D} = {2CBB60B9-2916-4D4F-AEFF-537218423BDB}
		{94F60D7B-1ACF-4AE3-A77A-F690540661C1} = {2CBB60B9-2916-4D4F-AEFF-537218423BDB}
		{62E1A6B7-418B-4AAE-BCE8-633F2292C7AC} = {62CF45BA-2347-4541-98F5-36B0F557F038}
		{57ED9934-D3AC-434D-9C14-39E9AF62CE27} = {62CF45BA-2347-4541-98F5-36B0F557F038}
		{63512C20-058C-4E72-8CA3-5648CA3E33E7} = {62CF45BA-2347-4541-98F5-36B0F557F038}
		{1D3B1B31-C6CC-4C25-94A4-139F451A5169} = {62CF45BA-2347-4541-98F5-36B0F557F038}
	EndGlobalSection
	GlobalSection(ExtensibilityGlobals) = postSolution
		SolutionGuid = {43534856-35B6-4101-93D8-EA33E89058B9}
	EndGlobalSection
EndGlobal
