
Microsoft Visual Studio Solution File, Format Version 12.00
# Visual Studio Version 16
VisualStudioVersion = 16.0.30717.126
MinimumVisualStudioVersion = 10.0.40219.1
Project("{2150E333-8FDC-42A3-9474-1A3956D46DE8}") = "csharp class projects", "csharp class projects", "{6BAF4E98-A9EB-4EAF-A86E-ACDBF5E9DAC5}"
EndProject
Project("{9A19103F-16F7-4668-BE54-9A1E7A4F7556}") = "ExtensionsLibrary", "ExtensionsLibrary\ExtensionsLibrary.csproj", "{203D8B83-FCD1-4573-A2B0-77E1A7F053E1}"
EndProject
Project("{2150E333-8FDC-42A3-9474-1A3956D46DE8}") = "visual basic", "visual basic", "{EAD7EE62-2E71-4E6F-B930-08178B4B7E2E}"
EndProject
Project("{778DAE3C-4631-46EA-AA77-85C1314464D9}") = "ComboBoxInotifiy", "ComboBoxInotifiy\ComboBoxInotifiy.vbproj", "{DC8EE7CF-6F17-4D40-9C70-4902819E14C2}"
EndProject
Project("{2150E333-8FDC-42A3-9474-1A3956D46DE8}") = "csharp frontend", "csharp frontend", "{2CBB60B9-2916-4D4F-AEFF-537218423BDB}"
EndProject
Project("{9A19103F-16F7-4668-BE54-9A1E7A4F7556}") = "UtilityLibrary", "UtilityLibrary\UtilityLibrary.csproj", "{0E73CCBE-8778-4204-A042-693E75C36C24}"
EndProject
Project("{2150E333-8FDC-42A3-9474-1A3956D46DE8}") = "Solution Items", "Solution Items", "{F4261683-D99C-4878-AC77-19A636BBF4F8}"
	ProjectSection(SolutionItems) = preProject
		readme.md = readme.md
		temp.md = temp.md
	EndProjectSection
EndProject
Project("{2150E333-8FDC-42A3-9474-1A3956D46DE8}") = "Q_A", "Q_A", "{62CF45BA-2347-4541-98F5-36B0F557F038}"
EndProject
Project("{F184B08F-C81C-45F6-A57F-5ABD9991F28F}") = "CopyDirectoryExample", "CopyDirectoryExample\CopyDirectoryExample.vbproj", "{8218C549-8C6D-406F-8670-DA71FE2F4404}"
EndProject
Project("{F184B08F-C81C-45F6-A57F-5ABD9991F28F}") = "SpreadSheetLightVb", "SpreadSheetLightVb\SpreadSheetLightVb.vbproj", "{D1D66D2B-27E9-4B3F-8B90-99167C699206}"
EndProject
Project("{FAE04EC0-301F-11D3-BF4B-00C04F79EFBC}") = "CreateDynamicControls", "CreateDynamicControls\CreateDynamicControls.csproj", "{B09FA7C0-E3C2-4DDD-A7CC-8D7046A1041A}"
EndProject
Project("{2150E333-8FDC-42A3-9474-1A3956D46DE8}") = "WPF", "WPF", "{C6F2E27E-50E7-409C-92EB-9668C3461EE0}"
EndProject
Project("{FAE04EC0-301F-11D3-BF4B-00C04F79EFBC}") = "CheckedListBoxExample", "CheckedListBoxExample\CheckedListBoxExample.csproj", "{94B01419-582B-491F-A46E-EA3F30EBF92C}"
EndProject
Project("{FAE04EC0-301F-11D3-BF4B-00C04F79EFBC}") = "SpreadSheetLight1", "SpreadSheetLight1\SpreadSheetLight1.csproj", "{E0C8A621-3393-4066-A7D8-C4FFBE882FEA}"
EndProject
Project("{9A19103F-16F7-4668-BE54-9A1E7A4F7556}") = "KP_ExceptionPackageTest", "KP_ExceptionPackageTest\KP_ExceptionPackageTest.csproj", "{B7D00874-6172-4B02-A2B3-1ED655B4877B}"
EndProject
Project("{FAE04EC0-301F-11D3-BF4B-00C04F79EFBC}") = "CancellationToken", "CancellationToken\CancellationToken.csproj", "{4C5CE8E5-BD46-4A44-9803-1843432DC14B}"
EndProject
Project("{9A19103F-16F7-4668-BE54-9A1E7A4F7556}") = "ChangeImage", "ChangeImage\ChangeImage.csproj", "{4642BE7C-2492-4731-A9A7-75A22B829F09}"
EndProject
Project("{FAE04EC0-301F-11D3-BF4B-00C04F79EFBC}") = "SystemTrayApp", "SystemTrayApp\SystemTrayApp.csproj", "{F317AF2E-9704-4A2A-BDAE-B4662ED9483B}"
EndProject
Project("{FAE04EC0-301F-11D3-BF4B-00C04F79EFBC}") = "WorkingWithMsAccessImages", "WorkingWithMsAccessImages\WorkingWithMsAccessImages.csproj", "{62E1A6B7-418B-4AAE-BCE8-633F2292C7AC}"
EndProject
Project("{F184B08F-C81C-45F6-A57F-5ABD9991F28F}") = "CheckedListBoxDemo", "CheckedListBoxDemo\CheckedListBoxDemo.vbproj", "{57ED9934-D3AC-434D-9C14-39E9AF62CE27}"
EndProject
Project("{FAE04EC0-301F-11D3-BF4B-00C04F79EFBC}") = "HandleExceptionsSimple", "HandleExceptionsSimple\HandleExceptionsSimple.csproj", "{25356692-AC6F-48AD-AE17-69525D73FFBB}"
EndProject
Project("{F184B08F-C81C-45F6-A57F-5ABD9991F28F}") = "SpreadSheetLightVb1", "SpreadSheetLightVb1\SpreadSheetLightVb1.vbproj", "{25D5096D-410D-4000-9BFF-978A93584CC5}"
EndProject
Project("{FAE04EC0-301F-11D3-BF4B-00C04F79EFBC}") = "SpreadSheetLight2", "SpreadSheetLight2\SpreadSheetLight2.csproj", "{7EA2B5B2-1538-4564-AD78-48BD11BD3797}"
EndProject
Project("{FAE04EC0-301F-11D3-BF4B-00C04F79EFBC}") = "ControlLibrary", "ControlLibrary\ControlLibrary.csproj", "{73C7C507-60B4-47C2-B38F-08E4C52078B9}"
EndProject
Project("{FAE04EC0-301F-11D3-BF4B-00C04F79EFBC}") = "ReservationDemo", "ReservationDemo\ReservationDemo.csproj", "{6AEDD65A-1A63-4FF3-B0FB-7F40E0842326}"
EndProject
Project("{F184B08F-C81C-45F6-A57F-5ABD9991F28F}") = "CustomCurrencyLabelDemo", "WindowsApp1\CustomCurrencyLabelDemo.vbproj", "{59A449D3-187C-49B8-AFAE-A337B65CA826}"
EndProject
Project("{FAE04EC0-301F-11D3-BF4B-00C04F79EFBC}") = "NotifyChangeProgressBar", "NotifyChangeProgressBar\NotifyChangeProgressBar.csproj", "{5621322A-A940-43B8-9E41-D4ABA2370D2F}"
EndProject
Project("{9A19103F-16F7-4668-BE54-9A1E7A4F7556}") = "PictureBoxCustomCore", "PictureBoxCustomCore\PictureBoxCustomCore.csproj", "{A1342CF6-1794-41D6-B7ED-83114959F739}"
EndProject
Project("{2150E333-8FDC-42A3-9474-1A3956D46DE8}") = "Unit test", "Unit test", "{02C61194-8C96-4D37-89E8-9F9A41900322}"
EndProject
Project("{9A19103F-16F7-4668-BE54-9A1E7A4F7556}") = "ManagerLibrary", "ManagerLibrary\ManagerLibrary.csproj", "{3E1EFCA9-71D0-4726-BCC7-8FCF2A71D9E9}"
EndProject
Project("{9A19103F-16F7-4668-BE54-9A1E7A4F7556}") = "ManagerUnitTestProject", "ManagerUnitTestProject\ManagerUnitTestProject.csproj", "{C9CC3F86-B495-44D7-8438-0FE7ABF10413}"
EndProject
Project("{FAE04EC0-301F-11D3-BF4B-00C04F79EFBC}") = "DataGridViewCombo1", "DataGridViewComboBasicsNonEntityFramework\DataGridViewCombo1.csproj", "{585DF517-D420-41C0-AA75-7FCB7C69B167}"
EndProject
Project("{F184B08F-C81C-45F6-A57F-5ABD9991F28F}") = "DelegatesBetweenForms", "DelegatesBetweenForms\DelegatesBetweenForms.vbproj", "{E143B605-6387-4208-9D39-FBE2F1EC2F70}"
EndProject
Project("{F184B08F-C81C-45F6-A57F-5ABD9991F28F}") = "CreateDynamicControls_vb", "CreateDynamicControls_vb\CreateDynamicControls_vb.vbproj", "{ACBF42D3-99DF-4F8D-99CD-B35D28F67938}"
EndProject
Project("{F184B08F-C81C-45F6-A57F-5ABD9991F28F}") = "SortedSet_vb", "SortedSet_vb\SortedSet_vb.vbproj", "{33D47F25-CD97-4507-A062-736B8A12FBFE}"
EndProject
Global
	GlobalSection(SolutionConfigurationPlatforms) = preSolution
		Debug|Any CPU = Debug|Any CPU
		Debug|x86 = Debug|x86
		Release|Any CPU = Release|Any CPU
		Release|x86 = Release|x86
	EndGlobalSection
	GlobalSection(ProjectConfigurationPlatforms) = postSolution
		{203D8B83-FCD1-4573-A2B0-77E1A7F053E1}.Debug|Any CPU.ActiveCfg = Debug|Any CPU
		{203D8B83-FCD1-4573-A2B0-77E1A7F053E1}.Debug|Any CPU.Build.0 = Debug|Any CPU
		{203D8B83-FCD1-4573-A2B0-77E1A7F053E1}.Debug|x86.ActiveCfg = Debug|Any CPU
		{203D8B83-FCD1-4573-A2B0-77E1A7F053E1}.Debug|x86.Build.0 = Debug|Any CPU
		{203D8B83-FCD1-4573-A2B0-77E1A7F053E1}.Release|Any CPU.ActiveCfg = Release|Any CPU
		{203D8B83-FCD1-4573-A2B0-77E1A7F053E1}.Release|Any CPU.Build.0 = Release|Any CPU
		{203D8B83-FCD1-4573-A2B0-77E1A7F053E1}.Release|x86.ActiveCfg = Release|Any CPU
		{203D8B83-FCD1-4573-A2B0-77E1A7F053E1}.Release|x86.Build.0 = Release|Any CPU
		{DC8EE7CF-6F17-4D40-9C70-4902819E14C2}.Debug|Any CPU.ActiveCfg = Debug|Any CPU
		{DC8EE7CF-6F17-4D40-9C70-4902819E14C2}.Debug|Any CPU.Build.0 = Debug|Any CPU
		{DC8EE7CF-6F17-4D40-9C70-4902819E14C2}.Debug|x86.ActiveCfg = Debug|Any CPU
		{DC8EE7CF-6F17-4D40-9C70-4902819E14C2}.Debug|x86.Build.0 = Debug|Any CPU
		{DC8EE7CF-6F17-4D40-9C70-4902819E14C2}.Release|Any CPU.ActiveCfg = Release|Any CPU
		{DC8EE7CF-6F17-4D40-9C70-4902819E14C2}.Release|Any CPU.Build.0 = Release|Any CPU
		{DC8EE7CF-6F17-4D40-9C70-4902819E14C2}.Release|x86.ActiveCfg = Release|Any CPU
		{DC8EE7CF-6F17-4D40-9C70-4902819E14C2}.Release|x86.Build.0 = Release|Any CPU
		{0E73CCBE-8778-4204-A042-693E75C36C24}.Debug|Any CPU.ActiveCfg = Debug|Any CPU
		{0E73CCBE-8778-4204-A042-693E75C36C24}.Debug|Any CPU.Build.0 = Debug|Any CPU
		{0E73CCBE-8778-4204-A042-693E75C36C24}.Debug|x86.ActiveCfg = Debug|Any CPU
		{0E73CCBE-8778-4204-A042-693E75C36C24}.Debug|x86.Build.0 = Debug|Any CPU
		{0E73CCBE-8778-4204-A042-693E75C36C24}.Release|Any CPU.ActiveCfg = Release|Any CPU
		{0E73CCBE-8778-4204-A042-693E75C36C24}.Release|Any CPU.Build.0 = Release|Any CPU
		{0E73CCBE-8778-4204-A042-693E75C36C24}.Release|x86.ActiveCfg = Release|Any CPU
		{0E73CCBE-8778-4204-A042-693E75C36C24}.Release|x86.Build.0 = Release|Any CPU
		{8218C549-8C6D-406F-8670-DA71FE2F4404}.Debug|Any CPU.ActiveCfg = Debug|Any CPU
		{8218C549-8C6D-406F-8670-DA71FE2F4404}.Debug|Any CPU.Build.0 = Debug|Any CPU
		{8218C549-8C6D-406F-8670-DA71FE2F4404}.Debug|x86.ActiveCfg = Debug|Any CPU
		{8218C549-8C6D-406F-8670-DA71FE2F4404}.Debug|x86.Build.0 = Debug|Any CPU
		{8218C549-8C6D-406F-8670-DA71FE2F4404}.Release|Any CPU.ActiveCfg = Release|Any CPU
		{8218C549-8C6D-406F-8670-DA71FE2F4404}.Release|Any CPU.Build.0 = Release|Any CPU
		{8218C549-8C6D-406F-8670-DA71FE2F4404}.Release|x86.ActiveCfg = Release|Any CPU
		{8218C549-8C6D-406F-8670-DA71FE2F4404}.Release|x86.Build.0 = Release|Any CPU
		{D1D66D2B-27E9-4B3F-8B90-99167C699206}.Debug|Any CPU.ActiveCfg = Debug|Any CPU
		{D1D66D2B-27E9-4B3F-8B90-99167C699206}.Debug|Any CPU.Build.0 = Debug|Any CPU
		{D1D66D2B-27E9-4B3F-8B90-99167C699206}.Debug|x86.ActiveCfg = Debug|Any CPU
		{D1D66D2B-27E9-4B3F-8B90-99167C699206}.Debug|x86.Build.0 = Debug|Any CPU
		{D1D66D2B-27E9-4B3F-8B90-99167C699206}.Release|Any CPU.ActiveCfg = Release|Any CPU
		{D1D66D2B-27E9-4B3F-8B90-99167C699206}.Release|Any CPU.Build.0 = Release|Any CPU
		{D1D66D2B-27E9-4B3F-8B90-99167C699206}.Release|x86.ActiveCfg = Release|Any CPU
		{D1D66D2B-27E9-4B3F-8B90-99167C699206}.Release|x86.Build.0 = Release|Any CPU
		{B09FA7C0-E3C2-4DDD-A7CC-8D7046A1041A}.Debug|Any CPU.ActiveCfg = Debug|Any CPU
		{B09FA7C0-E3C2-4DDD-A7CC-8D7046A1041A}.Debug|Any CPU.Build.0 = Debug|Any CPU
		{B09FA7C0-E3C2-4DDD-A7CC-8D7046A1041A}.Debug|x86.ActiveCfg = Debug|Any CPU
		{B09FA7C0-E3C2-4DDD-A7CC-8D7046A1041A}.Debug|x86.Build.0 = Debug|Any CPU
		{B09FA7C0-E3C2-4DDD-A7CC-8D7046A1041A}.Release|Any CPU.ActiveCfg = Release|Any CPU
		{B09FA7C0-E3C2-4DDD-A7CC-8D7046A1041A}.Release|Any CPU.Build.0 = Release|Any CPU
		{B09FA7C0-E3C2-4DDD-A7CC-8D7046A1041A}.Release|x86.ActiveCfg = Release|Any CPU
		{B09FA7C0-E3C2-4DDD-A7CC-8D7046A1041A}.Release|x86.Build.0 = Release|Any CPU
		{94B01419-582B-491F-A46E-EA3F30EBF92C}.Debug|Any CPU.ActiveCfg = Debug|Any CPU
		{94B01419-582B-491F-A46E-EA3F30EBF92C}.Debug|Any CPU.Build.0 = Debug|Any CPU
		{94B01419-582B-491F-A46E-EA3F30EBF92C}.Debug|x86.ActiveCfg = Debug|Any CPU
		{94B01419-582B-491F-A46E-EA3F30EBF92C}.Debug|x86.Build.0 = Debug|Any CPU
		{94B01419-582B-491F-A46E-EA3F30EBF92C}.Release|Any CPU.ActiveCfg = Release|Any CPU
		{94B01419-582B-491F-A46E-EA3F30EBF92C}.Release|Any CPU.Build.0 = Release|Any CPU
		{94B01419-582B-491F-A46E-EA3F30EBF92C}.Release|x86.ActiveCfg = Release|Any CPU
		{94B01419-582B-491F-A46E-EA3F30EBF92C}.Release|x86.Build.0 = Release|Any CPU
		{E0C8A621-3393-4066-A7D8-C4FFBE882FEA}.Debug|Any CPU.ActiveCfg = Release|Any CPU
		{E0C8A621-3393-4066-A7D8-C4FFBE882FEA}.Debug|Any CPU.Build.0 = Release|Any CPU
		{E0C8A621-3393-4066-A7D8-C4FFBE882FEA}.Debug|x86.ActiveCfg = Debug|Any CPU
		{E0C8A621-3393-4066-A7D8-C4FFBE882FEA}.Debug|x86.Build.0 = Debug|Any CPU
		{E0C8A621-3393-4066-A7D8-C4FFBE882FEA}.Release|Any CPU.ActiveCfg = Release|Any CPU
		{E0C8A621-3393-4066-A7D8-C4FFBE882FEA}.Release|Any CPU.Build.0 = Release|Any CPU
		{E0C8A621-3393-4066-A7D8-C4FFBE882FEA}.Release|x86.ActiveCfg = Release|Any CPU
		{E0C8A621-3393-4066-A7D8-C4FFBE882FEA}.Release|x86.Build.0 = Release|Any CPU
		{B7D00874-6172-4B02-A2B3-1ED655B4877B}.Debug|Any CPU.ActiveCfg = Debug|Any CPU
		{B7D00874-6172-4B02-A2B3-1ED655B4877B}.Debug|Any CPU.Build.0 = Debug|Any CPU
		{B7D00874-6172-4B02-A2B3-1ED655B4877B}.Debug|x86.ActiveCfg = Debug|Any CPU
		{B7D00874-6172-4B02-A2B3-1ED655B4877B}.Debug|x86.Build.0 = Debug|Any CPU
		{B7D00874-6172-4B02-A2B3-1ED655B4877B}.Release|Any CPU.ActiveCfg = Release|Any CPU
		{B7D00874-6172-4B02-A2B3-1ED655B4877B}.Release|Any CPU.Build.0 = Release|Any CPU
		{B7D00874-6172-4B02-A2B3-1ED655B4877B}.Release|x86.ActiveCfg = Release|Any CPU
		{B7D00874-6172-4B02-A2B3-1ED655B4877B}.Release|x86.Build.0 = Release|Any CPU
		{4C5CE8E5-BD46-4A44-9803-1843432DC14B}.Debug|Any CPU.ActiveCfg = Debug|Any CPU
		{4C5CE8E5-BD46-4A44-9803-1843432DC14B}.Debug|Any CPU.Build.0 = Debug|Any CPU
		{4C5CE8E5-BD46-4A44-9803-1843432DC14B}.Debug|x86.ActiveCfg = Debug|Any CPU
		{4C5CE8E5-BD46-4A44-9803-1843432DC14B}.Debug|x86.Build.0 = Debug|Any CPU
		{4C5CE8E5-BD46-4A44-9803-1843432DC14B}.Release|Any CPU.ActiveCfg = Release|Any CPU
		{4C5CE8E5-BD46-4A44-9803-1843432DC14B}.Release|Any CPU.Build.0 = Release|Any CPU
		{4C5CE8E5-BD46-4A44-9803-1843432DC14B}.Release|x86.ActiveCfg = Release|Any CPU
		{4C5CE8E5-BD46-4A44-9803-1843432DC14B}.Release|x86.Build.0 = Release|Any CPU
		{4642BE7C-2492-4731-A9A7-75A22B829F09}.Debug|Any CPU.ActiveCfg = Debug|Any CPU
		{4642BE7C-2492-4731-A9A7-75A22B829F09}.Debug|Any CPU.Build.0 = Debug|Any CPU
		{4642BE7C-2492-4731-A9A7-75A22B829F09}.Debug|x86.ActiveCfg = Debug|Any CPU
		{4642BE7C-2492-4731-A9A7-75A22B829F09}.Debug|x86.Build.0 = Debug|Any CPU
		{4642BE7C-2492-4731-A9A7-75A22B829F09}.Release|Any CPU.ActiveCfg = Release|Any CPU
		{4642BE7C-2492-4731-A9A7-75A22B829F09}.Release|Any CPU.Build.0 = Release|Any CPU
		{4642BE7C-2492-4731-A9A7-75A22B829F09}.Release|x86.ActiveCfg = Release|Any CPU
		{4642BE7C-2492-4731-A9A7-75A22B829F09}.Release|x86.Build.0 = Release|Any CPU
		{F317AF2E-9704-4A2A-BDAE-B4662ED9483B}.Debug|Any CPU.ActiveCfg = Debug|x86
		{F317AF2E-9704-4A2A-BDAE-B4662ED9483B}.Debug|Any CPU.Build.0 = Debug|x86
		{F317AF2E-9704-4A2A-BDAE-B4662ED9483B}.Debug|x86.ActiveCfg = Debug|x86
		{F317AF2E-9704-4A2A-BDAE-B4662ED9483B}.Debug|x86.Build.0 = Debug|x86
		{F317AF2E-9704-4A2A-BDAE-B4662ED9483B}.Release|Any CPU.ActiveCfg = Release|x86
		{F317AF2E-9704-4A2A-BDAE-B4662ED9483B}.Release|x86.ActiveCfg = Release|x86
		{F317AF2E-9704-4A2A-BDAE-B4662ED9483B}.Release|x86.Build.0 = Release|x86
		{62E1A6B7-418B-4AAE-BCE8-633F2292C7AC}.Debug|Any CPU.ActiveCfg = Debug|Any CPU
		{62E1A6B7-418B-4AAE-BCE8-633F2292C7AC}.Debug|Any CPU.Build.0 = Debug|Any CPU
		{62E1A6B7-418B-4AAE-BCE8-633F2292C7AC}.Debug|x86.ActiveCfg = Debug|Any CPU
		{62E1A6B7-418B-4AAE-BCE8-633F2292C7AC}.Debug|x86.Build.0 = Debug|Any CPU
		{62E1A6B7-418B-4AAE-BCE8-633F2292C7AC}.Release|Any CPU.ActiveCfg = Release|Any CPU
		{62E1A6B7-418B-4AAE-BCE8-633F2292C7AC}.Release|Any CPU.Build.0 = Release|Any CPU
		{62E1A6B7-418B-4AAE-BCE8-633F2292C7AC}.Release|x86.ActiveCfg = Release|Any CPU
		{62E1A6B7-418B-4AAE-BCE8-633F2292C7AC}.Release|x86.Build.0 = Release|Any CPU
		{57ED9934-D3AC-434D-9C14-39E9AF62CE27}.Debug|Any CPU.ActiveCfg = Debug|Any CPU
		{57ED9934-D3AC-434D-9C14-39E9AF62CE27}.Debug|Any CPU.Build.0 = Debug|Any CPU
		{57ED9934-D3AC-434D-9C14-39E9AF62CE27}.Debug|x86.ActiveCfg = Debug|Any CPU
		{57ED9934-D3AC-434D-9C14-39E9AF62CE27}.Debug|x86.Build.0 = Debug|Any CPU
		{57ED9934-D3AC-434D-9C14-39E9AF62CE27}.Release|Any CPU.ActiveCfg = Release|Any CPU
		{57ED9934-D3AC-434D-9C14-39E9AF62CE27}.Release|Any CPU.Build.0 = Release|Any CPU
		{57ED9934-D3AC-434D-9C14-39E9AF62CE27}.Release|x86.ActiveCfg = Release|Any CPU
		{57ED9934-D3AC-434D-9C14-39E9AF62CE27}.Release|x86.Build.0 = Release|Any CPU
		{25356692-AC6F-48AD-AE17-69525D73FFBB}.Debug|Any CPU.ActiveCfg = Debug|Any CPU
		{25356692-AC6F-48AD-AE17-69525D73FFBB}.Debug|Any CPU.Build.0 = Debug|Any CPU
		{25356692-AC6F-48AD-AE17-69525D73FFBB}.Debug|x86.ActiveCfg = Debug|Any CPU
		{25356692-AC6F-48AD-AE17-69525D73FFBB}.Debug|x86.Build.0 = Debug|Any CPU
		{25356692-AC6F-48AD-AE17-69525D73FFBB}.Release|Any CPU.ActiveCfg = Release|Any CPU
		{25356692-AC6F-48AD-AE17-69525D73FFBB}.Release|Any CPU.Build.0 = Release|Any CPU
		{25356692-AC6F-48AD-AE17-69525D73FFBB}.Release|x86.ActiveCfg = Release|Any CPU
		{25356692-AC6F-48AD-AE17-69525D73FFBB}.Release|x86.Build.0 = Release|Any CPU
		{25D5096D-410D-4000-9BFF-978A93584CC5}.Debug|Any CPU.ActiveCfg = Debug|Any CPU
		{25D5096D-410D-4000-9BFF-978A93584CC5}.Debug|Any CPU.Build.0 = Debug|Any CPU
		{25D5096D-410D-4000-9BFF-978A93584CC5}.Debug|x86.ActiveCfg = Debug|Any CPU
		{25D5096D-410D-4000-9BFF-978A93584CC5}.Debug|x86.Build.0 = Debug|Any CPU
		{25D5096D-410D-4000-9BFF-978A93584CC5}.Release|Any CPU.ActiveCfg = Release|Any CPU
		{25D5096D-410D-4000-9BFF-978A93584CC5}.Release|Any CPU.Build.0 = Release|Any CPU
		{25D5096D-410D-4000-9BFF-978A93584CC5}.Release|x86.ActiveCfg = Release|Any CPU
		{25D5096D-410D-4000-9BFF-978A93584CC5}.Release|x86.Build.0 = Release|Any CPU
		{7EA2B5B2-1538-4564-AD78-48BD11BD3797}.Debug|Any CPU.ActiveCfg = Debug|Any CPU
		{7EA2B5B2-1538-4564-AD78-48BD11BD3797}.Debug|Any CPU.Build.0 = Debug|Any CPU
		{7EA2B5B2-1538-4564-AD78-48BD11BD3797}.Debug|x86.ActiveCfg = Debug|Any CPU
		{7EA2B5B2-1538-4564-AD78-48BD11BD3797}.Debug|x86.Build.0 = Debug|Any CPU
		{7EA2B5B2-1538-4564-AD78-48BD11BD3797}.Release|Any CPU.ActiveCfg = Release|Any CPU
		{7EA2B5B2-1538-4564-AD78-48BD11BD3797}.Release|Any CPU.Build.0 = Release|Any CPU
		{7EA2B5B2-1538-4564-AD78-48BD11BD3797}.Release|x86.ActiveCfg = Release|Any CPU
		{7EA2B5B2-1538-4564-AD78-48BD11BD3797}.Release|x86.Build.0 = Release|Any CPU
		{73C7C507-60B4-47C2-B38F-08E4C52078B9}.Debug|Any CPU.ActiveCfg = Debug|Any CPU
		{73C7C507-60B4-47C2-B38F-08E4C52078B9}.Debug|Any CPU.Build.0 = Debug|Any CPU
		{73C7C507-60B4-47C2-B38F-08E4C52078B9}.Debug|x86.ActiveCfg = Debug|Any CPU
		{73C7C507-60B4-47C2-B38F-08E4C52078B9}.Debug|x86.Build.0 = Debug|Any CPU
		{73C7C507-60B4-47C2-B38F-08E4C52078B9}.Release|Any CPU.ActiveCfg = Release|Any CPU
		{73C7C507-60B4-47C2-B38F-08E4C52078B9}.Release|Any CPU.Build.0 = Release|Any CPU
		{73C7C507-60B4-47C2-B38F-08E4C52078B9}.Release|x86.ActiveCfg = Release|Any CPU
		{73C7C507-60B4-47C2-B38F-08E4C52078B9}.Release|x86.Build.0 = Release|Any CPU
		{6AEDD65A-1A63-4FF3-B0FB-7F40E0842326}.Debug|Any CPU.ActiveCfg = Debug|Any CPU
		{6AEDD65A-1A63-4FF3-B0FB-7F40E0842326}.Debug|Any CPU.Build.0 = Debug|Any CPU
		{6AEDD65A-1A63-4FF3-B0FB-7F40E0842326}.Debug|x86.ActiveCfg = Debug|Any CPU
		{6AEDD65A-1A63-4FF3-B0FB-7F40E0842326}.Debug|x86.Build.0 = Debug|Any CPU
		{6AEDD65A-1A63-4FF3-B0FB-7F40E0842326}.Release|Any CPU.ActiveCfg = Release|Any CPU
		{6AEDD65A-1A63-4FF3-B0FB-7F40E0842326}.Release|Any CPU.Build.0 = Release|Any CPU
		{6AEDD65A-1A63-4FF3-B0FB-7F40E0842326}.Release|x86.ActiveCfg = Release|Any CPU
		{6AEDD65A-1A63-4FF3-B0FB-7F40E0842326}.Release|x86.Build.0 = Release|Any CPU
		{59A449D3-187C-49B8-AFAE-A337B65CA826}.Debug|Any CPU.ActiveCfg = Debug|Any CPU
		{59A449D3-187C-49B8-AFAE-A337B65CA826}.Debug|Any CPU.Build.0 = Debug|Any CPU
		{59A449D3-187C-49B8-AFAE-A337B65CA826}.Debug|x86.ActiveCfg = Debug|Any CPU
		{59A449D3-187C-49B8-AFAE-A337B65CA826}.Debug|x86.Build.0 = Debug|Any CPU
		{59A449D3-187C-49B8-AFAE-A337B65CA826}.Release|Any CPU.ActiveCfg = Release|Any CPU
		{59A449D3-187C-49B8-AFAE-A337B65CA826}.Release|Any CPU.Build.0 = Release|Any CPU
		{59A449D3-187C-49B8-AFAE-A337B65CA826}.Release|x86.ActiveCfg = Release|Any CPU
		{59A449D3-187C-49B8-AFAE-A337B65CA826}.Release|x86.Build.0 = Release|Any CPU
		{5621322A-A940-43B8-9E41-D4ABA2370D2F}.Debug|Any CPU.ActiveCfg = Debug|Any CPU
		{5621322A-A940-43B8-9E41-D4ABA2370D2F}.Debug|Any CPU.Build.0 = Debug|Any CPU
		{5621322A-A940-43B8-9E41-D4ABA2370D2F}.Debug|x86.ActiveCfg = Debug|Any CPU
		{5621322A-A940-43B8-9E41-D4ABA2370D2F}.Debug|x86.Build.0 = Debug|Any CPU
		{5621322A-A940-43B8-9E41-D4ABA2370D2F}.Release|Any CPU.ActiveCfg = Release|Any CPU
		{5621322A-A940-43B8-9E41-D4ABA2370D2F}.Release|Any CPU.Build.0 = Release|Any CPU
		{5621322A-A940-43B8-9E41-D4ABA2370D2F}.Release|x86.ActiveCfg = Release|Any CPU
		{5621322A-A940-43B8-9E41-D4ABA2370D2F}.Release|x86.Build.0 = Release|Any CPU
		{A1342CF6-1794-41D6-B7ED-83114959F739}.Debug|Any CPU.ActiveCfg = Debug|Any CPU
		{A1342CF6-1794-41D6-B7ED-83114959F739}.Debug|Any CPU.Build.0 = Debug|Any CPU
		{A1342CF6-1794-41D6-B7ED-83114959F739}.Debug|x86.ActiveCfg = Debug|Any CPU
		{A1342CF6-1794-41D6-B7ED-83114959F739}.Debug|x86.Build.0 = Debug|Any CPU
		{A1342CF6-1794-41D6-B7ED-83114959F739}.Release|Any CPU.ActiveCfg = Release|Any CPU
		{A1342CF6-1794-41D6-B7ED-83114959F739}.Release|Any CPU.Build.0 = Release|Any CPU
		{A1342CF6-1794-41D6-B7ED-83114959F739}.Release|x86.ActiveCfg = Release|Any CPU
		{A1342CF6-1794-41D6-B7ED-83114959F739}.Release|x86.Build.0 = Release|Any CPU
		{3E1EFCA9-71D0-4726-BCC7-8FCF2A71D9E9}.Debug|Any CPU.ActiveCfg = Debug|Any CPU
		{3E1EFCA9-71D0-4726-BCC7-8FCF2A71D9E9}.Debug|Any CPU.Build.0 = Debug|Any CPU
		{3E1EFCA9-71D0-4726-BCC7-8FCF2A71D9E9}.Debug|x86.ActiveCfg = Debug|Any CPU
		{3E1EFCA9-71D0-4726-BCC7-8FCF2A71D9E9}.Debug|x86.Build.0 = Debug|Any CPU
		{3E1EFCA9-71D0-4726-BCC7-8FCF2A71D9E9}.Release|Any CPU.ActiveCfg = Release|Any CPU
		{3E1EFCA9-71D0-4726-BCC7-8FCF2A71D9E9}.Release|Any CPU.Build.0 = Release|Any CPU
		{3E1EFCA9-71D0-4726-BCC7-8FCF2A71D9E9}.Release|x86.ActiveCfg = Release|Any CPU
		{3E1EFCA9-71D0-4726-BCC7-8FCF2A71D9E9}.Release|x86.Build.0 = Release|Any CPU
		{C9CC3F86-B495-44D7-8438-0FE7ABF10413}.Debug|Any CPU.ActiveCfg = Debug|Any CPU
		{C9CC3F86-B495-44D7-8438-0FE7ABF10413}.Debug|Any CPU.Build.0 = Debug|Any CPU
		{C9CC3F86-B495-44D7-8438-0FE7ABF10413}.Debug|x86.ActiveCfg = Debug|Any CPU
		{C9CC3F86-B495-44D7-8438-0FE7ABF10413}.Debug|x86.Build.0 = Debug|Any CPU
		{C9CC3F86-B495-44D7-8438-0FE7ABF10413}.Release|Any CPU.ActiveCfg = Release|Any CPU
		{C9CC3F86-B495-44D7-8438-0FE7ABF10413}.Release|Any CPU.Build.0 = Release|Any CPU
		{C9CC3F86-B495-44D7-8438-0FE7ABF10413}.Release|x86.ActiveCfg = Release|Any CPU
		{C9CC3F86-B495-44D7-8438-0FE7ABF10413}.Release|x86.Build.0 = Release|Any CPU
		{585DF517-D420-41C0-AA75-7FCB7C69B167}.Debug|Any CPU.ActiveCfg = Debug|Any CPU
		{585DF517-D420-41C0-AA75-7FCB7C69B167}.Debug|Any CPU.Build.0 = Debug|Any CPU
		{585DF517-D420-41C0-AA75-7FCB7C69B167}.Debug|x86.ActiveCfg = Debug|Any CPU
		{585DF517-D420-41C0-AA75-7FCB7C69B167}.Debug|x86.Build.0 = Debug|Any CPU
		{585DF517-D420-41C0-AA75-7FCB7C69B167}.Release|Any CPU.ActiveCfg = Release|Any CPU
		{585DF517-D420-41C0-AA75-7FCB7C69B167}.Release|Any CPU.Build.0 = Release|Any CPU
		{585DF517-D420-41C0-AA75-7FCB7C69B167}.Release|x86.ActiveCfg = Release|Any CPU
		{585DF517-D420-41C0-AA75-7FCB7C69B167}.Release|x86.Build.0 = Release|Any CPU
		{E143B605-6387-4208-9D39-FBE2F1EC2F70}.Debug|Any CPU.ActiveCfg = Debug|Any CPU
		{E143B605-6387-4208-9D39-FBE2F1EC2F70}.Debug|Any CPU.Build.0 = Debug|Any CPU
		{E143B605-6387-4208-9D39-FBE2F1EC2F70}.Debug|x86.ActiveCfg = Debug|Any CPU
		{E143B605-6387-4208-9D39-FBE2F1EC2F70}.Debug|x86.Build.0 = Debug|Any CPU
		{E143B605-6387-4208-9D39-FBE2F1EC2F70}.Release|Any CPU.ActiveCfg = Release|Any CPU
		{E143B605-6387-4208-9D39-FBE2F1EC2F70}.Release|Any CPU.Build.0 = Release|Any CPU
		{E143B605-6387-4208-9D39-FBE2F1EC2F70}.Release|x86.ActiveCfg = Release|Any CPU
		{E143B605-6387-4208-9D39-FBE2F1EC2F70}.Release|x86.Build.0 = Release|Any CPU
		{ACBF42D3-99DF-4F8D-99CD-B35D28F67938}.Debug|Any CPU.ActiveCfg = Debug|Any CPU
		{ACBF42D3-99DF-4F8D-99CD-B35D28F67938}.Debug|Any CPU.Build.0 = Debug|Any CPU
		{ACBF42D3-99DF-4F8D-99CD-B35D28F67938}.Debug|x86.ActiveCfg = Debug|Any CPU
		{ACBF42D3-99DF-4F8D-99CD-B35D28F67938}.Debug|x86.Build.0 = Debug|Any CPU
		{ACBF42D3-99DF-4F8D-99CD-B35D28F67938}.Release|Any CPU.ActiveCfg = Release|Any CPU
		{ACBF42D3-99DF-4F8D-99CD-B35D28F67938}.Release|Any CPU.Build.0 = Release|Any CPU
		{ACBF42D3-99DF-4F8D-99CD-B35D28F67938}.Release|x86.ActiveCfg = Release|Any CPU
		{ACBF42D3-99DF-4F8D-99CD-B35D28F67938}.Release|x86.Build.0 = Release|Any CPU
		{33D47F25-CD97-4507-A062-736B8A12FBFE}.Debug|Any CPU.ActiveCfg = Debug|Any CPU
		{33D47F25-CD97-4507-A062-736B8A12FBFE}.Debug|Any CPU.Build.0 = Debug|Any CPU
		{33D47F25-CD97-4507-A062-736B8A12FBFE}.Debug|x86.ActiveCfg = Debug|Any CPU
		{33D47F25-CD97-4507-A062-736B8A12FBFE}.Debug|x86.Build.0 = Debug|Any CPU
		{33D47F25-CD97-4507-A062-736B8A12FBFE}.Release|Any CPU.ActiveCfg = Release|Any CPU
		{33D47F25-CD97-4507-A062-736B8A12FBFE}.Release|Any CPU.Build.0 = Release|Any CPU
		{33D47F25-CD97-4507-A062-736B8A12FBFE}.Release|x86.ActiveCfg = Release|Any CPU
		{33D47F25-CD97-4507-A062-736B8A12FBFE}.Release|x86.Build.0 = Release|Any CPU
	EndGlobalSection
	GlobalSection(SolutionProperties) = preSolution
		HideSolutionNode = FALSE
	EndGlobalSection
	GlobalSection(NestedProjects) = preSolution
		{203D8B83-FCD1-4573-A2B0-77E1A7F053E1} = {6BAF4E98-A9EB-4EAF-A86E-ACDBF5E9DAC5}
		{DC8EE7CF-6F17-4D40-9C70-4902819E14C2} = {EAD7EE62-2E71-4E6F-B930-08178B4B7E2E}
		{0E73CCBE-8778-4204-A042-693E75C36C24} = {6BAF4E98-A9EB-4EAF-A86E-ACDBF5E9DAC5}
		{8218C549-8C6D-406F-8670-DA71FE2F4404} = {EAD7EE62-2E71-4E6F-B930-08178B4B7E2E}
		{D1D66D2B-27E9-4B3F-8B90-99167C699206} = {EAD7EE62-2E71-4E6F-B930-08178B4B7E2E}
		{B09FA7C0-E3C2-4DDD-A7CC-8D7046A1041A} = {62CF45BA-2347-4541-98F5-36B0F557F038}
		{94B01419-582B-491F-A46E-EA3F30EBF92C} = {62CF45BA-2347-4541-98F5-36B0F557F038}
		{E0C8A621-3393-4066-A7D8-C4FFBE882FEA} = {2CBB60B9-2916-4D4F-AEFF-537218423BDB}
		{B7D00874-6172-4B02-A2B3-1ED655B4877B} = {2CBB60B9-2916-4D4F-AEFF-537218423BDB}
		{4C5CE8E5-BD46-4A44-9803-1843432DC14B} = {2CBB60B9-2916-4D4F-AEFF-537218423BDB}
		{4642BE7C-2492-4731-A9A7-75A22B829F09} = {62CF45BA-2347-4541-98F5-36B0F557F038}
		{F317AF2E-9704-4A2A-BDAE-B4662ED9483B} = {2CBB60B9-2916-4D4F-AEFF-537218423BDB}
		{62E1A6B7-418B-4AAE-BCE8-633F2292C7AC} = {62CF45BA-2347-4541-98F5-36B0F557F038}
		{57ED9934-D3AC-434D-9C14-39E9AF62CE27} = {62CF45BA-2347-4541-98F5-36B0F557F038}
		{25356692-AC6F-48AD-AE17-69525D73FFBB} = {62CF45BA-2347-4541-98F5-36B0F557F038}
		{25D5096D-410D-4000-9BFF-978A93584CC5} = {EAD7EE62-2E71-4E6F-B930-08178B4B7E2E}
		{7EA2B5B2-1538-4564-AD78-48BD11BD3797} = {2CBB60B9-2916-4D4F-AEFF-537218423BDB}
		{73C7C507-60B4-47C2-B38F-08E4C52078B9} = {6BAF4E98-A9EB-4EAF-A86E-ACDBF5E9DAC5}
		{6AEDD65A-1A63-4FF3-B0FB-7F40E0842326} = {2CBB60B9-2916-4D4F-AEFF-537218423BDB}
		{59A449D3-187C-49B8-AFAE-A337B65CA826} = {EAD7EE62-2E71-4E6F-B930-08178B4B7E2E}
		{5621322A-A940-43B8-9E41-D4ABA2370D2F} = {62CF45BA-2347-4541-98F5-36B0F557F038}
		{A1342CF6-1794-41D6-B7ED-83114959F739} = {62CF45BA-2347-4541-98F5-36B0F557F038}
		{3E1EFCA9-71D0-4726-BCC7-8FCF2A71D9E9} = {62CF45BA-2347-4541-98F5-36B0F557F038}
		{C9CC3F86-B495-44D7-8438-0FE7ABF10413} = {02C61194-8C96-4D37-89E8-9F9A41900322}
		{585DF517-D420-41C0-AA75-7FCB7C69B167} = {62CF45BA-2347-4541-98F5-36B0F557F038}
		{E143B605-6387-4208-9D39-FBE2F1EC2F70} = {EAD7EE62-2E71-4E6F-B930-08178B4B7E2E}
		{ACBF42D3-99DF-4F8D-99CD-B35D28F67938} = {62CF45BA-2347-4541-98F5-36B0F557F038}
		{33D47F25-CD97-4507-A062-736B8A12FBFE} = {EAD7EE62-2E71-4E6F-B930-08178B4B7E2E}
	EndGlobalSection
	GlobalSection(ExtensibilityGlobals) = postSolution
		SolutionGuid = {43534856-35B6-4101-93D8-EA33E89058B9}
	EndGlobalSection
EndGlobal
